
Microsoft Visual Studio Solution File, Format Version 12.00
# Visual Studio Version 17
VisualStudioVersion = 17.9.34728.123
MinimumVisualStudioVersion = 10.0.40219.1
Project("{FAE04EC0-301F-11D3-BF4B-00C04F79EFBC}") = "ArrayManipulations", "ArrayManipulations.csproj", "{BD953823-0FC1-4CAB-A743-9F80F3AFF500}"
EndProject
Project("{FAE04EC0-301F-11D3-BF4B-00C04F79EFBC}") = "ArrayMethods", "..\ArrayMethods\ArrayMethods.csproj", "{429E1734-CE3F-44B7-8459-8F992B36D13A}"
EndProject
Project("{FAE04EC0-301F-11D3-BF4B-00C04F79EFBC}") = "FindAllDisappearedNumbers", "..\FindAllDisappearedNumbers\FindAllDisappearedNumbers.csproj", "{E79E8F0E-363E-44D3-B3F8-99A651B96BD7}"
EndProject
Project("{FAE04EC0-301F-11D3-BF4B-00C04F79EFBC}") = "ContainerWithMostWater", "..\ContainerWithMostWater\ContainerWithMostWater.csproj", "{17B71A66-FC27-4FBB-BCE0-7CC0920EE867}"
EndProject
Project("{FAE04EC0-301F-11D3-BF4B-00C04F79EFBC}") = "ProductOfArrayExceptSelf", "..\ProductOfArrayExceptSelf\ProductOfArrayExceptSelf.csproj", "{33F875DB-FD6C-4B3F-9C45-50E8CC2DA30C}"
EndProject
Project("{FAE04EC0-301F-11D3-BF4B-00C04F79EFBC}") = "RotateArray", "..\RotateArray\RotateArray.csproj", "{4E3C8EF5-20C7-4AB0-BAD8-FDE040216937}"
EndProject
Project("{2150E333-8FDC-42A3-9474-1A3956D46DE8}") = "Arrays", "Arrays", "{A205E610-DC73-40EA-B42B-40DFCA526790}"
EndProject
Project("{2150E333-8FDC-42A3-9474-1A3956D46DE8}") = "Strings", "Strings", "{38D718C4-7D76-418A-9F36-261DCD298DE7}"
EndProject
Project("{FAE04EC0-301F-11D3-BF4B-00C04F79EFBC}") = "String_StringMethods", "..\String_StringMethods\String_StringMethods.csproj", "{E76B3853-99B0-49A1-8C3C-DC491403C694}"
EndProject
Project("{FAE04EC0-301F-11D3-BF4B-00C04F79EFBC}") = "StringManipulation", "..\StringManipulation\StringManipulation.csproj", "{21267112-90F2-4E6F-8AAD-6543F172F17A}"
EndProject
Project("{FAE04EC0-301F-11D3-BF4B-00C04F79EFBC}") = "StringComparison", "..\StringComparison\StringComparison.csproj", "{65932597-3B0D-47FF-8636-6F0CBD0E4F03}"
EndProject
Project("{FAE04EC0-301F-11D3-BF4B-00C04F79EFBC}") = "StringProblems", "..\StringProblems\StringProblems.csproj", "{2A1E5E46-D540-4BFB-909C-44187806C719}"
EndProject
Project("{FAE04EC0-301F-11D3-BF4B-00C04F79EFBC}") = "PatternMatching", "..\PatternMatching\PatternMatching.csproj", "{B334FF0F-2C91-422B-9F64-B9EE50B9276B}"
EndProject
Project("{FAE04EC0-301F-11D3-BF4B-00C04F79EFBC}") = "Knuth_Morris_Pratt_PatternMatching", "..\Knuth_Morris_Pratt_PatternMatching\Knuth_Morris_Pratt_PatternMatching.csproj", "{B6299256-AA0E-4891-A94C-6D3CBC31615B}"
EndProject
Project("{FAE04EC0-301F-11D3-BF4B-00C04F79EFBC}") = "Z_Algorithm", "..\Z_Algorithm\Z_Algorithm.csproj", "{A0D94491-0E1B-4A4B-BB1C-C3BFA4D76281}"
EndProject
Project("{FAE04EC0-301F-11D3-BF4B-00C04F79EFBC}") = "CreateTargetArrayGivenOrder", "..\CreateTargetArrayGivenOrder\CreateTargetArrayGivenOrder.csproj", "{708960BE-4B8A-422C-9655-D1211D8055DD}"
EndProject
Project("{2150E333-8FDC-42A3-9474-1A3956D46DE8}") = "Hashing_Matrix", "Hashing_Matrix", "{7B46A6FE-D1AB-40B9-A894-8446CFAFD425}"
EndProject
Project("{FAE04EC0-301F-11D3-BF4B-00C04F79EFBC}") = "Dictionary", "..\Dictionary\Dictionary.csproj", "{8867C7C6-7CFF-46EB-B2B9-B4D8E73B5FA8}"
EndProject
Project("{FAE04EC0-301F-11D3-BF4B-00C04F79EFBC}") = "HashSet", "..\HashSet\HashSet.csproj", "{14BF19EF-5A0A-4962-A833-E2DAB55EB04D}"
EndProject
Project("{FAE04EC0-301F-11D3-BF4B-00C04F79EFBC}") = "2D_Array", "..\2D_Array\2D_Array.csproj", "{4B0EF466-6D1A-42F8-926A-C4A2E4C4B241}"
EndProject
Project("{FAE04EC0-301F-11D3-BF4B-00C04F79EFBC}") = "BubbleSort", "..\Sorting_TwoPointers\BubbleSort.csproj", "{0BC6336A-3B2C-424F-B271-0B57B61D5A82}"
EndProject
Project("{2150E333-8FDC-42A3-9474-1A3956D46DE8}") = "Sorting_TwoPointer", "Sorting_TwoPointer", "{2A69F19C-C965-4F19-B730-DCFAAE80361B}"
EndProject
Project("{FAE04EC0-301F-11D3-BF4B-00C04F79EFBC}") = "SelectionSort", "..\SelectionSort\SelectionSort.csproj", "{0F38039A-C130-4516-9AA8-60D834E65854}"
EndProject
Project("{FAE04EC0-301F-11D3-BF4B-00C04F79EFBC}") = "InsertionSort", "..\InsertionSort\InsertionSort.csproj", "{5573EFCC-9E9B-4CAA-9A7F-D1DF300A6514}"
EndProject
Project("{FAE04EC0-301F-11D3-BF4B-00C04F79EFBC}") = "Built_In_Sort", "..\Built_In_Sort\Built_In_Sort.csproj", "{F49000B3-5329-4795-8E50-89CF60A92FF5}"
EndProject
Project("{FAE04EC0-301F-11D3-BF4B-00C04F79EFBC}") = "TestStringAlgorithms", "..\TestStringAlgorithms\TestStringAlgorithms.csproj", "{A26CDBDE-EF4D-405A-AACF-6E42EEC39D8F}"
EndProject
Global
	GlobalSection(SolutionConfigurationPlatforms) = preSolution
		Debug|Any CPU = Debug|Any CPU
		Release|Any CPU = Release|Any CPU
	EndGlobalSection
	GlobalSection(ProjectConfigurationPlatforms) = postSolution
		{BD953823-0FC1-4CAB-A743-9F80F3AFF500}.Debug|Any CPU.ActiveCfg = Debug|Any CPU
		{BD953823-0FC1-4CAB-A743-9F80F3AFF500}.Debug|Any CPU.Build.0 = Debug|Any CPU
		{BD953823-0FC1-4CAB-A743-9F80F3AFF500}.Release|Any CPU.ActiveCfg = Release|Any CPU
		{BD953823-0FC1-4CAB-A743-9F80F3AFF500}.Release|Any CPU.Build.0 = Release|Any CPU
		{429E1734-CE3F-44B7-8459-8F992B36D13A}.Debug|Any CPU.ActiveCfg = Debug|Any CPU
		{429E1734-CE3F-44B7-8459-8F992B36D13A}.Debug|Any CPU.Build.0 = Debug|Any CPU
		{429E1734-CE3F-44B7-8459-8F992B36D13A}.Release|Any CPU.ActiveCfg = Release|Any CPU
		{429E1734-CE3F-44B7-8459-8F992B36D13A}.Release|Any CPU.Build.0 = Release|Any CPU
		{E79E8F0E-363E-44D3-B3F8-99A651B96BD7}.Debug|Any CPU.ActiveCfg = Debug|Any CPU
		{E79E8F0E-363E-44D3-B3F8-99A651B96BD7}.Debug|Any CPU.Build.0 = Debug|Any CPU
		{E79E8F0E-363E-44D3-B3F8-99A651B96BD7}.Release|Any CPU.ActiveCfg = Release|Any CPU
		{E79E8F0E-363E-44D3-B3F8-99A651B96BD7}.Release|Any CPU.Build.0 = Release|Any CPU
		{17B71A66-FC27-4FBB-BCE0-7CC0920EE867}.Debug|Any CPU.ActiveCfg = Debug|Any CPU
		{17B71A66-FC27-4FBB-BCE0-7CC0920EE867}.Debug|Any CPU.Build.0 = Debug|Any CPU
		{17B71A66-FC27-4FBB-BCE0-7CC0920EE867}.Release|Any CPU.ActiveCfg = Release|Any CPU
		{17B71A66-FC27-4FBB-BCE0-7CC0920EE867}.Release|Any CPU.Build.0 = Release|Any CPU
		{33F875DB-FD6C-4B3F-9C45-50E8CC2DA30C}.Debug|Any CPU.ActiveCfg = Debug|Any CPU
		{33F875DB-FD6C-4B3F-9C45-50E8CC2DA30C}.Debug|Any CPU.Build.0 = Debug|Any CPU
		{33F875DB-FD6C-4B3F-9C45-50E8CC2DA30C}.Release|Any CPU.ActiveCfg = Release|Any CPU
		{33F875DB-FD6C-4B3F-9C45-50E8CC2DA30C}.Release|Any CPU.Build.0 = Release|Any CPU
		{4E3C8EF5-20C7-4AB0-BAD8-FDE040216937}.Debug|Any CPU.ActiveCfg = Debug|Any CPU
		{4E3C8EF5-20C7-4AB0-BAD8-FDE040216937}.Debug|Any CPU.Build.0 = Debug|Any CPU
		{4E3C8EF5-20C7-4AB0-BAD8-FDE040216937}.Release|Any CPU.ActiveCfg = Release|Any CPU
		{4E3C8EF5-20C7-4AB0-BAD8-FDE040216937}.Release|Any CPU.Build.0 = Release|Any CPU
		{E76B3853-99B0-49A1-8C3C-DC491403C694}.Debug|Any CPU.ActiveCfg = Debug|Any CPU
		{E76B3853-99B0-49A1-8C3C-DC491403C694}.Debug|Any CPU.Build.0 = Debug|Any CPU
		{E76B3853-99B0-49A1-8C3C-DC491403C694}.Release|Any CPU.ActiveCfg = Release|Any CPU
		{E76B3853-99B0-49A1-8C3C-DC491403C694}.Release|Any CPU.Build.0 = Release|Any CPU
		{21267112-90F2-4E6F-8AAD-6543F172F17A}.Debug|Any CPU.ActiveCfg = Debug|Any CPU
		{21267112-90F2-4E6F-8AAD-6543F172F17A}.Debug|Any CPU.Build.0 = Debug|Any CPU
		{21267112-90F2-4E6F-8AAD-6543F172F17A}.Release|Any CPU.ActiveCfg = Release|Any CPU
		{21267112-90F2-4E6F-8AAD-6543F172F17A}.Release|Any CPU.Build.0 = Release|Any CPU
		{65932597-3B0D-47FF-8636-6F0CBD0E4F03}.Debug|Any CPU.ActiveCfg = Debug|Any CPU
		{65932597-3B0D-47FF-8636-6F0CBD0E4F03}.Debug|Any CPU.Build.0 = Debug|Any CPU
		{65932597-3B0D-47FF-8636-6F0CBD0E4F03}.Release|Any CPU.ActiveCfg = Release|Any CPU
		{65932597-3B0D-47FF-8636-6F0CBD0E4F03}.Release|Any CPU.Build.0 = Release|Any CPU
		{2A1E5E46-D540-4BFB-909C-44187806C719}.Debug|Any CPU.ActiveCfg = Debug|Any CPU
		{2A1E5E46-D540-4BFB-909C-44187806C719}.Debug|Any CPU.Build.0 = Debug|Any CPU
		{2A1E5E46-D540-4BFB-909C-44187806C719}.Release|Any CPU.ActiveCfg = Release|Any CPU
		{2A1E5E46-D540-4BFB-909C-44187806C719}.Release|Any CPU.Build.0 = Release|Any CPU
		{B334FF0F-2C91-422B-9F64-B9EE50B9276B}.Debug|Any CPU.ActiveCfg = Debug|Any CPU
		{B334FF0F-2C91-422B-9F64-B9EE50B9276B}.Debug|Any CPU.Build.0 = Debug|Any CPU
		{B334FF0F-2C91-422B-9F64-B9EE50B9276B}.Release|Any CPU.ActiveCfg = Release|Any CPU
		{B334FF0F-2C91-422B-9F64-B9EE50B9276B}.Release|Any CPU.Build.0 = Release|Any CPU
		{B6299256-AA0E-4891-A94C-6D3CBC31615B}.Debug|Any CPU.ActiveCfg = Debug|Any CPU
		{B6299256-AA0E-4891-A94C-6D3CBC31615B}.Debug|Any CPU.Build.0 = Debug|Any CPU
		{B6299256-AA0E-4891-A94C-6D3CBC31615B}.Release|Any CPU.ActiveCfg = Release|Any CPU
		{B6299256-AA0E-4891-A94C-6D3CBC31615B}.Release|Any CPU.Build.0 = Release|Any CPU
		{A0D94491-0E1B-4A4B-BB1C-C3BFA4D76281}.Debug|Any CPU.ActiveCfg = Debug|Any CPU
		{A0D94491-0E1B-4A4B-BB1C-C3BFA4D76281}.Debug|Any CPU.Build.0 = Debug|Any CPU
		{A0D94491-0E1B-4A4B-BB1C-C3BFA4D76281}.Release|Any CPU.ActiveCfg = Release|Any CPU
		{A0D94491-0E1B-4A4B-BB1C-C3BFA4D76281}.Release|Any CPU.Build.0 = Release|Any CPU
		{708960BE-4B8A-422C-9655-D1211D8055DD}.Debug|Any CPU.ActiveCfg = Debug|Any CPU
		{708960BE-4B8A-422C-9655-D1211D8055DD}.Debug|Any CPU.Build.0 = Debug|Any CPU
		{708960BE-4B8A-422C-9655-D1211D8055DD}.Release|Any CPU.ActiveCfg = Release|Any CPU
		{708960BE-4B8A-422C-9655-D1211D8055DD}.Release|Any CPU.Build.0 = Release|Any CPU
		{8867C7C6-7CFF-46EB-B2B9-B4D8E73B5FA8}.Debug|Any CPU.ActiveCfg = Debug|Any CPU
		{8867C7C6-7CFF-46EB-B2B9-B4D8E73B5FA8}.Debug|Any CPU.Build.0 = Debug|Any CPU
		{8867C7C6-7CFF-46EB-B2B9-B4D8E73B5FA8}.Release|Any CPU.ActiveCfg = Release|Any CPU
		{8867C7C6-7CFF-46EB-B2B9-B4D8E73B5FA8}.Release|Any CPU.Build.0 = Release|Any CPU
		{14BF19EF-5A0A-4962-A833-E2DAB55EB04D}.Debug|Any CPU.ActiveCfg = Debug|Any CPU
		{14BF19EF-5A0A-4962-A833-E2DAB55EB04D}.Debug|Any CPU.Build.0 = Debug|Any CPU
		{14BF19EF-5A0A-4962-A833-E2DAB55EB04D}.Release|Any CPU.ActiveCfg = Release|Any CPU
		{14BF19EF-5A0A-4962-A833-E2DAB55EB04D}.Release|Any CPU.Build.0 = Release|Any CPU
		{4B0EF466-6D1A-42F8-926A-C4A2E4C4B241}.Debug|Any CPU.ActiveCfg = Debug|Any CPU
		{4B0EF466-6D1A-42F8-926A-C4A2E4C4B241}.Debug|Any CPU.Build.0 = Debug|Any CPU
		{4B0EF466-6D1A-42F8-926A-C4A2E4C4B241}.Release|Any CPU.ActiveCfg = Release|Any CPU
		{4B0EF466-6D1A-42F8-926A-C4A2E4C4B241}.Release|Any CPU.Build.0 = Release|Any CPU
		{0BC6336A-3B2C-424F-B271-0B57B61D5A82}.Debug|Any CPU.ActiveCfg = Debug|Any CPU
		{0BC6336A-3B2C-424F-B271-0B57B61D5A82}.Debug|Any CPU.Build.0 = Debug|Any CPU
		{0BC6336A-3B2C-424F-B271-0B57B61D5A82}.Release|Any CPU.ActiveCfg = Release|Any CPU
		{0BC6336A-3B2C-424F-B271-0B57B61D5A82}.Release|Any CPU.Build.0 = Release|Any CPU
		{0F38039A-C130-4516-9AA8-60D834E65854}.Debug|Any CPU.ActiveCfg = Debug|Any CPU
		{0F38039A-C130-4516-9AA8-60D834E65854}.Debug|Any CPU.Build.0 = Debug|Any CPU
		{0F38039A-C130-4516-9AA8-60D834E65854}.Release|Any CPU.ActiveCfg = Release|Any CPU
		{0F38039A-C130-4516-9AA8-60D834E65854}.Release|Any CPU.Build.0 = Release|Any CPU
		{5573EFCC-9E9B-4CAA-9A7F-D1DF300A6514}.Debug|Any CPU.ActiveCfg = Debug|Any CPU
		{5573EFCC-9E9B-4CAA-9A7F-D1DF300A6514}.Debug|Any CPU.Build.0 = Debug|Any CPU
		{5573EFCC-9E9B-4CAA-9A7F-D1DF300A6514}.Release|Any CPU.ActiveCfg = Release|Any CPU
		{5573EFCC-9E9B-4CAA-9A7F-D1DF300A6514}.Release|Any CPU.Build.0 = Release|Any CPU
		{F49000B3-5329-4795-8E50-89CF60A92FF5}.Debug|Any CPU.ActiveCfg = Debug|Any CPU
		{F49000B3-5329-4795-8E50-89CF60A92FF5}.Debug|Any CPU.Build.0 = Debug|Any CPU
		{F49000B3-5329-4795-8E50-89CF60A92FF5}.Release|Any CPU.ActiveCfg = Release|Any CPU
		{F49000B3-5329-4795-8E50-89CF60A92FF5}.Release|Any CPU.Build.0 = Release|Any CPU
		{A26CDBDE-EF4D-405A-AACF-6E42EEC39D8F}.Debug|Any CPU.ActiveCfg = Debug|Any CPU
		{A26CDBDE-EF4D-405A-AACF-6E42EEC39D8F}.Debug|Any CPU.Build.0 = Debug|Any CPU
		{A26CDBDE-EF4D-405A-AACF-6E42EEC39D8F}.Release|Any CPU.ActiveCfg = Release|Any CPU
		{A26CDBDE-EF4D-405A-AACF-6E42EEC39D8F}.Release|Any CPU.Build.0 = Release|Any CPU
	EndGlobalSection
	GlobalSection(SolutionProperties) = preSolution
		HideSolutionNode = FALSE
	EndGlobalSection
	GlobalSection(NestedProjects) = preSolution
		{BD953823-0FC1-4CAB-A743-9F80F3AFF500} = {A205E610-DC73-40EA-B42B-40DFCA526790}
		{429E1734-CE3F-44B7-8459-8F992B36D13A} = {A205E610-DC73-40EA-B42B-40DFCA526790}
		{E79E8F0E-363E-44D3-B3F8-99A651B96BD7} = {A205E610-DC73-40EA-B42B-40DFCA526790}
		{17B71A66-FC27-4FBB-BCE0-7CC0920EE867} = {A205E610-DC73-40EA-B42B-40DFCA526790}
		{33F875DB-FD6C-4B3F-9C45-50E8CC2DA30C} = {A205E610-DC73-40EA-B42B-40DFCA526790}
		{4E3C8EF5-20C7-4AB0-BAD8-FDE040216937} = {A205E610-DC73-40EA-B42B-40DFCA526790}
		{E76B3853-99B0-49A1-8C3C-DC491403C694} = {38D718C4-7D76-418A-9F36-261DCD298DE7}
		{21267112-90F2-4E6F-8AAD-6543F172F17A} = {38D718C4-7D76-418A-9F36-261DCD298DE7}
		{65932597-3B0D-47FF-8636-6F0CBD0E4F03} = {38D718C4-7D76-418A-9F36-261DCD298DE7}
		{2A1E5E46-D540-4BFB-909C-44187806C719} = {38D718C4-7D76-418A-9F36-261DCD298DE7}
		{B334FF0F-2C91-422B-9F64-B9EE50B9276B} = {38D718C4-7D76-418A-9F36-261DCD298DE7}
		{B6299256-AA0E-4891-A94C-6D3CBC31615B} = {38D718C4-7D76-418A-9F36-261DCD298DE7}
		{A0D94491-0E1B-4A4B-BB1C-C3BFA4D76281} = {38D718C4-7D76-418A-9F36-261DCD298DE7}
		{708960BE-4B8A-422C-9655-D1211D8055DD} = {A205E610-DC73-40EA-B42B-40DFCA526790}
		{8867C7C6-7CFF-46EB-B2B9-B4D8E73B5FA8} = {7B46A6FE-D1AB-40B9-A894-8446CFAFD425}
		{14BF19EF-5A0A-4962-A833-E2DAB55EB04D} = {7B46A6FE-D1AB-40B9-A894-8446CFAFD425}
		{4B0EF466-6D1A-42F8-926A-C4A2E4C4B241} = {7B46A6FE-D1AB-40B9-A894-8446CFAFD425}
		{0BC6336A-3B2C-424F-B271-0B57B61D5A82} = {2A69F19C-C965-4F19-B730-DCFAAE80361B}
		{0F38039A-C130-4516-9AA8-60D834E65854} = {2A69F19C-C965-4F19-B730-DCFAAE80361B}
		{5573EFCC-9E9B-4CAA-9A7F-D1DF300A6514} = {2A69F19C-C965-4F19-B730-DCFAAE80361B}
		{F49000B3-5329-4795-8E50-89CF60A92FF5} = {2A69F19C-C965-4F19-B730-DCFAAE80361B}
		{A26CDBDE-EF4D-405A-AACF-6E42EEC39D8F} = {38D718C4-7D76-418A-9F36-261DCD298DE7}
	EndGlobalSection
	GlobalSection(ExtensibilityGlobals) = postSolution
		SolutionGuid = {29361E67-D8DC-4BD2-8E01-80D04EDD8694}
	EndGlobalSection
EndGlobal
